{
    "_readme": [
        "This file locks the dependencies of your project to a known state",
        "Read more about it at http://getcomposer.org/doc/01-basic-usage.md#composer-lock-the-lock-file",
        "This file is @generated automatically"
    ],
    "hash": "cb6406bf69e38ca0bf07a94af5763528",
    "packages": [
        {
            "name": "callfire/php-sdk",
            "version": "1.1.x-dev",
            "source": {
                "type": "git",
                "url": "https://github.com/CallFire/CallFire-PHP-SDK.git",
                "reference": "394a66e9689169cf2758a2fc19c6b4c4d1d612aa"
            },
            "dist": {
                "type": "zip",
                "url": "https://api.github.com/repos/CallFire/CallFire-PHP-SDK/zipball/394a66e9689169cf2758a2fc19c6b4c4d1d612aa",
                "reference": "394a66e9689169cf2758a2fc19c6b4c4d1d612aa",
                "shasum": ""
            },
            "require": {
                "ext-curl": "*",
                "php": ">=5.3.3",
                "zendframework/zend-stdlib": "~2.2.2"
            },
            "require-dev": {
                "fabpot/php-cs-fixer": "v0.2.0",
                "phpdocumentor/phpdocumentor": "v2.0.1",
                "phpunit/phpunit": "~3.7.22",
                "satooshi/php-coveralls": "~0.6",
                "zendframework/zend-code": "~2.2.1",
                "zendframework/zend-stdlib": "~2.2.1"
            },
            "type": "library",
            "autoload": {
                "psr-0": {
                    "CallFire": "src/"
                },
                "classmap": [
                    "tests/"
                ]
            },
            "notification-url": "https://packagist.org/downloads/",
            "license": [
                "MIT"
            ],
            "authors": [
                {
                    "name": "Justin Martin",
                    "email": "jmartin@callfire.com"
                }
            ],
            "description": "PHP SDK for integrating with the CallFire API",
            "homepage": "http://www.callfire.com/",
            "time": "2014-04-16 18:40:34"
        },
        {
            "name": "composer/installers",
            "version": "dev-master",
            "source": {
                "type": "git",
                "url": "https://github.com/composer/installers.git",
                "reference": "74fb0a7a1a23696d9c8cc2fba5903f6711cdd067"
            },
            "dist": {
                "type": "zip",
                "url": "https://api.github.com/repos/composer/installers/zipball/74fb0a7a1a23696d9c8cc2fba5903f6711cdd067",
                "reference": "74fb0a7a1a23696d9c8cc2fba5903f6711cdd067",
                "shasum": ""
            },
            "replace": {
                "roundcube/plugin-installer": "*",
                "shama/baton": "*"
            },
            "require-dev": {
                "composer/composer": "1.0.*@dev",
                "phpunit/phpunit": "4.1.*"
            },
            "type": "composer-installer",
            "extra": {
                "class": "Composer\\Installers\\Installer",
                "branch-alias": {
                    "dev-master": "1.0-dev"
                }
            },
            "autoload": {
                "psr-0": {
                    "Composer\\Installers\\": "src/"
                }
            },
            "notification-url": "https://packagist.org/downloads/",
            "license": [
                "MIT"
            ],
            "authors": [
                {
                    "name": "Kyle Robinson Young",
                    "email": "kyle@dontkry.com",
                    "homepage": "https://github.com/shama"
                }
            ],
            "description": "A multi-framework Composer library installer",
            "homepage": "http://composer.github.com/installers/",
            "keywords": [
                "Craft",
                "Dolibarr",
                "Hurad",
                "MODX Evo",
                "OXID",
                "WolfCMS",
                "agl",
                "annotatecms",
                "bitrix",
                "cakephp",
                "chef",
                "codeigniter",
                "concrete5",
                "croogo",
                "drupal",
                "elgg",
                "fuelphp",
                "installer",
                "joomla",
                "kohana",
                "laravel",
                "lithium",
                "magento",
                "mako",
                "mediawiki",
                "modulework",
                "moodle",
                "phpbb",
                "piwik",
                "ppi",
                "puppet",
                "roundcube",
                "shopware",
                "silverstripe",
                "symfony",
                "typo3",
                "wordpress",
                "zend",
                "zikula"
            ],
            "time": "2014-08-18 20:00:12"
        },
        {
            "name": "roave/silverstripe-callfire",
            "version": "dev-master",
            "source": {
                "type": "git",
                "url": "https://github.com/Roave/SilverStripe-CallFire-Module.git",
                "reference": "7c7fad046386c649c2a5b3ca533a05a71c1071a4"
            },
            "dist": {
                "type": "zip",
                "url": "https://api.github.com/repos/Roave/SilverStripe-CallFire-Module/zipball/7c7fad046386c649c2a5b3ca533a05a71c1071a4",
                "reference": "7c7fad046386c649c2a5b3ca533a05a71c1071a4",
                "shasum": ""
            },
            "require": {
                "callfire/php-sdk": "~1.1.0",
                "silverstripe/framework": "3.*"
            },
            "type": "silverstripe-module",
            "notification-url": "https://packagist.org/downloads/",
            "license": [
                "BSD-3-Clause"
            ],
            "authors": [
                {
                    "name": "Justin Martin",
                    "email": "frozenfire@thefrozenfire.com",
                    "homepage": "https://github.com/TheFrozenFire",
                    "role": "Developer"
                }
            ],
            "description": "CallFire integration for SilverStripe",
            "keywords": [
                "callfire",
                "silverstripe"
            ],
            "time": "2013-08-30 23:18:11"
        },
        {
            "name": "silverstripe/blog",
            "version": "dev-master",
            "source": {
                "type": "git",
                "url": "https://github.com/silverstripe/silverstripe-blog.git",
                "reference": "8b28a1d047aea632b7ce9c552f0e04c6a282816c"
            },
            "dist": {
                "type": "zip",
                "url": "https://api.github.com/repos/silverstripe/silverstripe-blog/zipball/8b28a1d047aea632b7ce9c552f0e04c6a282816c",
                "reference": "8b28a1d047aea632b7ce9c552f0e04c6a282816c",
                "shasum": ""
            },
            "require": {
                "silverstripe/cms": "~3.1"
            },
            "suggest": {
                "silverstripe/comments": "Enable user comments on any page type, including blog posts",
                "silverstripe/widgets": "Additional 'sidebar features', e.g. a list of recent posts and a tagcloud",
                "simplepie/simplepie": "Parse RSS feeds, required for the RSS widget"
            },
            "type": "silverstripe-module",
            "notification-url": "https://packagist.org/downloads/",
            "authors": [
                {
                    "name": "Saophalkun Ponlu",
                    "email": "phalkunz@silverstripe.com"
                },
                {
                    "name": "Carlos Barberis",
                    "email": "carlos@silverstripe.com"
                }
            ],
            "description": "The blog module allows you to post blogs on your SilverStripe. It includes the ability to post blogs using a site front-end form. Blogs are summarised on the blog holder page type, with more detail viewable when a specific blog is clicked.",
            "keywords": [
                "blog",
                "silverstripe"
            ],
            "time": "2014-08-24 23:20:55"
        },
        {
            "name": "silverstripe/cms",
            "version": "3.1.x-dev",
            "source": {
                "type": "git",
                "url": "https://github.com/silverstripe/silverstripe-cms.git",
                "reference": "ae4601be546d3d0b3b5dc8f22db5bb96291ca0f5"
            },
            "dist": {
                "type": "zip",
                "url": "https://api.github.com/repos/silverstripe/silverstripe-cms/zipball/ae4601be546d3d0b3b5dc8f22db5bb96291ca0f5",
                "reference": "ae4601be546d3d0b3b5dc8f22db5bb96291ca0f5",
                "shasum": ""
            },
            "require": {
                "composer/installers": "*",
                "php": ">=5.3.2",
                "silverstripe/framework": "3.1.*"
            },
            "type": "silverstripe-module",
            "autoload": {
                "classmap": [
                    "tests/behat/"
                ]
            },
            "notification-url": "https://packagist.org/downloads/",
            "license": [
                "BSD-3-Clause"
            ],
            "authors": [
                {
                    "name": "SilverStripe",
                    "homepage": "http://silverstripe.com"
                },
                {
                    "name": "The SilverStripe Community",
                    "homepage": "http://silverstripe.org"
                }
            ],
            "description": "The SilverStripe Content Management System",
            "homepage": "http://silverstripe.org",
            "keywords": [
                "cms",
                "silverstripe"
            ],
            "time": "2014-08-31 20:19:41"
        },
        {
            "name": "silverstripe/framework",
            "version": "3.1.x-dev",
            "source": {
                "type": "git",
                "url": "https://github.com/silverstripe/silverstripe-framework.git",
                "reference": "f0ca37fdea0f1b7f67d383e9cda968c8115ea0f1"
            },
            "dist": {
                "type": "zip",
                "url": "https://api.github.com/repos/silverstripe/silverstripe-framework/zipball/f0ca37fdea0f1b7f67d383e9cda968c8115ea0f1",
                "reference": "f0ca37fdea0f1b7f67d383e9cda968c8115ea0f1",
                "shasum": ""
            },
            "require": {
                "composer/installers": "*",
                "php": ">=5.3.2"
            },
            "require-dev": {
                "phpunit/phpunit": "~3.7@stable"
            },
            "type": "silverstripe-module",
            "autoload": {
                "classmap": [
                    "tests/behat/features/bootstrap"
                ]
            },
            "notification-url": "https://packagist.org/downloads/",
            "license": [
                "BSD-3-Clause"
            ],
            "authors": [
                {
                    "name": "SilverStripe",
                    "homepage": "http://silverstripe.com"
                },
                {
                    "name": "The SilverStripe Community",
                    "homepage": "http://silverstripe.org"
                }
            ],
            "description": "The SilverStripe framework",
            "homepage": "http://silverstripe.org",
            "keywords": [
                "framework",
                "silverstripe"
            ],
            "time": "2014-09-08 23:43:05"
        },
        {
            "name": "stripe/stripe-php",
            "version": "v1.17.1",
            "source": {
                "type": "git",
                "url": "https://github.com/stripe/stripe-php.git",
                "reference": "281c5b2717b50bc4cc8c4842b13856ff3431c878"
            },
            "dist": {
                "type": "zip",
                "url": "https://api.github.com/repos/stripe/stripe-php/zipball/281c5b2717b50bc4cc8c4842b13856ff3431c878",
                "reference": "281c5b2717b50bc4cc8c4842b13856ff3431c878",
                "shasum": ""
            },
            "require": {
                "ext-curl": "*",
                "ext-json": "*",
                "ext-mbstring": "*",
                "php": ">=5.2"
            },
            "require-dev": {
                "simpletest/simpletest": "*"
            },
            "type": "library",
            "autoload": {
                "classmap": [
                    "lib/Stripe/"
                ]
            },
            "notification-url": "https://packagist.org/downloads/",
            "license": [
                "MIT"
            ],
            "authors": [
                {
                    "name": "Stripe and contributors",
                    "homepage": "https://github.com/stripe/stripe-php/contributors"
                }
            ],
            "description": "Stripe PHP Library",
            "homepage": "https://stripe.com/",
            "keywords": [
                "api",
                "payment processing",
                "stripe"
            ],
            "time": "2014-08-01 05:58:56"
        },
        {
            "name": "undefinedoffset/sortablegridfield",
            "version": "dev-master",
            "source": {
                "type": "git",
                "url": "https://github.com/UndefinedOffset/SortableGridField.git",
                "reference": "86d08f97574d32ec553edc2eef4bfbc181ef14f1"
            },
            "dist": {
                "type": "zip",
                "url": "https://api.github.com/repos/UndefinedOffset/SortableGridField/zipball/86d08f97574d32ec553edc2eef4bfbc181ef14f1",
                "reference": "86d08f97574d32ec553edc2eef4bfbc181ef14f1",
                "shasum": ""
            },
            "require": {
                "composer/installers": "*",
                "silverstripe/framework": ">=3.0.1,<3.2"
            },
            "type": "silverstripe-module",
            "extra": {
                "installer-name": "sortablegridfield"
            },
            "notification-url": "https://packagist.org/downloads/",
            "license": [
                "BSD-3-Clause"
            ],
            "authors": [
                {
                    "name": "Ed Chipman",
                    "homepage": "http://www.edchipman.ca",
                    "role": "Developer"
                }
            ],
            "description": "Adds drag and drop functionality to SilverStripe 3.0's GridField",
            "keywords": [
                "gridfield",
                "silverstripe"
            ],
            "time": "2014-08-06 16:15:32"
        },
        {
            "name": "zendframework/zend-stdlib",
            "version": "2.2.6",
            "target-dir": "Zend/Stdlib",
            "source": {
                "type": "git",
                "url": "https://github.com/zendframework/Component_ZendStdlib.git",
                "reference": "e646729f2274f4552b6a92e38d8e458efe08ebc5"
            },
            "dist": {
                "type": "zip",
                "url": "https://api.github.com/repos/zendframework/Component_ZendStdlib/zipball/e646729f2274f4552b6a92e38d8e458efe08ebc5",
                "reference": "e646729f2274f4552b6a92e38d8e458efe08ebc5",
                "shasum": ""
            },
            "require": {
                "php": ">=5.3.3"
            },
            "suggest": {
                "zendframework/zend-eventmanager": "To support aggregate hydrator usage",
                "zendframework/zend-servicemanager": "To support hydrator plugin manager usage"
            },
            "type": "library",
            "extra": {
                "branch-alias": {
                    "dev-master": "2.2-dev",
                    "dev-develop": "2.3-dev"
                }
            },
            "autoload": {
                "psr-0": {
                    "Zend\\Stdlib\\": ""
                }
            },
            "notification-url": "https://packagist.org/downloads/",
            "license": [
                "BSD-3-Clause"
            ],
            "keywords": [
                "stdlib",
                "zf2"
            ],
            "time": "2014-01-04 13:00:28"
        }
    ],
    "packages-dev": [
        {
            "name": "thefrozenfire/dataobjectcruft",
            "version": "dev-master",
            "source": {
                "type": "git",
                "url": "https://github.com/TheFrozenFire/silverstripe-dataobjectcruft.git",
                "reference": "77540c940b219bc4dc034bc70cb885168d14521b"
            },
            "dist": {
                "type": "zip",
                "url": "https://api.github.com/repos/TheFrozenFire/silverstripe-dataobjectcruft/zipball/77540c940b219bc4dc034bc70cb885168d14521b",
                "reference": "77540c940b219bc4dc034bc70cb885168d14521b",
                "shasum": ""
            },
            "require": {
                "silverstripe/framework": "3.*"
            },
            "type": "silverstripe-module",
            "notification-url": "https://packagist.org/downloads/",
            "license": [
                "BSD-3-Clause"
            ],
            "authors": [
                {
                    "name": "Justin Martin",
                    "email": "frozenfire@thefrozenfire.com",
                    "homepage": "https://github.com/TheFrozenFire",
                    "role": "Developer"
                }
            ],
            "description": "A tool for finding and removing tables, fields and indexes which are no longer needed in a SilverStripe database",
            "keywords": [
                "dev",
                "silverstripe"
            ],
            "time": "2013-04-21 04:45:32"
        }
    ],
    "aliases": [

    ],
    "minimum-stability": "dev",
    "stability-flags": {
        "silverstripe/cms": 20,
        "silverstripe/framework": 20,
        "silverstripe/blog": 20,
        "undefinedoffset/sortablegridfield": 20,
        "roave/silverstripe-callfire": 20,
        "thefrozenfire/dataobjectcruft": 20
    },
    "prefer-stable": false,
    "platform": {
        "php": ">=5.3.2"
    },
    "platform-dev": [

    ]
}
