{
    "_readme": [
        "This file locks the dependencies of your project to a known state",
        "Read more about it at http://getcomposer.org/doc/01-basic-usage.md#composer-lock-the-lock-file"
    ],
    "hash": "d270ea06bbd05c1bac40e966d3ca95ab",
    "packages": [
        {
            "name": "callfire/php-sdk",
            "version": "dev-feature-ivr-generator",
            "source": {
                "type": "git",
                "url": "git@bitbucket.org:mediatechdesigns/callfire-api-library.git",
                "reference": "c32a36d5ab54840239e60f3c540fbeb57dd4af99"
            },
            "require": {
                "ext-curl": "*",
                "php": ">=5.3.3",
                "zendframework/zend-stdlib": "~2.2.2"
            },
            "require-dev": {
                "fabpot/php-cs-fixer": "v0.2.0",
                "phpdocumentor/phpdocumentor": "v2.0.1",
                "phpunit/phpunit": "~3.7.22",
                "satooshi/php-coveralls": "~0.6",
                "zendframework/zend-code": "~2.2.1",
                "zendframework/zend-stdlib": "~2.2.1"
            },
            "type": "library",
            "autoload": {
                "psr-0": {
                    "CallFire": "src/"
                },
                "classmap": [
                    "tests/"
                ]
            },
            "license": [
                "MIT"
            ],
            "authors": [
                {
                    "name": "Justin Martin",
                    "email": "jmartin@callfire.com"
                }
            ],
            "description": "PHP SDK for integrating with the CallFire API",
            "homepage": "http://www.callfire.com/",
            "time": "2013-08-24 04:54:18"
        },
        {
            "name": "composer/installers",
            "version": "dev-master",
            "source": {
                "type": "git",
                "url": "https://github.com/composer/installers.git",
                "reference": "b3bd071ea114a57212c75aa6a2eef5cfe0cc798f"
            },
            "dist": {
                "type": "zip",
                "url": "https://api.github.com/repos/composer/installers/zipball/b3bd071ea114a57212c75aa6a2eef5cfe0cc798f",
                "reference": "b3bd071ea114a57212c75aa6a2eef5cfe0cc798f",
                "shasum": ""
            },
            "replace": {
                "shama/baton": "*"
            },
            "require-dev": {
                "composer/composer": "1.0.*@dev",
                "phpunit/phpunit": "3.7.*"
            },
            "type": "composer-installer",
            "extra": {
                "class": "Composer\\Installers\\Installer",
                "branch-alias": {
                    "dev-master": "1.0-dev"
                }
            },
            "autoload": {
                "psr-0": {
                    "Composer\\Installers\\": "src/"
                }
            },
            "notification-url": "https://packagist.org/downloads/",
            "license": [
                "MIT"
            ],
            "authors": [
                {
                    "name": "Kyle Robinson Young",
                    "email": "kyle@dontkry.com",
                    "homepage": "https://github.com/shama",
                    "role": "Developer"
                }
            ],
            "description": "A multi-framework Composer library installer",
            "homepage": "http://composer.github.com/installers/",
            "keywords": [
                "TYPO3 CMS",
                "TYPO3 Flow",
                "TYPO3 Neos",
                "agl",
                "cakephp",
                "codeigniter",
                "drupal",
                "fuelphp",
                "installer",
                "joomla",
                "kohana",
                "laravel",
                "li3",
                "lithium",
                "mako",
                "modulework",
                "phpbb",
                "ppi",
                "silverstripe",
                "symfony",
                "wordpress",
                "zend"
            ],
            "time": "2013-08-20 04:37:09"
        },
        {
            "name": "roave/silverstripe-callfire",
            "version": "dev-master",
            "source": {
                "type": "git",
                "url": "https://github.com/Roave/SilverStripe-CallFire-Module.git",
                "reference": "1b7f33a88845b17d89af34a9f51c6622a8ffd9c1"
            },
            "dist": {
                "type": "zip",
                "url": "https://api.github.com/repos/Roave/SilverStripe-CallFire-Module/zipball/1b7f33a88845b17d89af34a9f51c6622a8ffd9c1",
                "reference": "1b7f33a88845b17d89af34a9f51c6622a8ffd9c1",
                "shasum": ""
            },
            "require": {
                "callfire/php-sdk": "~1.1.0",
                "silverstripe/framework": "3.*"
            },
            "type": "silverstripe-module",
            "notification-url": "https://packagist.org/downloads/",
            "license": [
                "BSD-3-Clause"
            ],
            "authors": [
                {
                    "name": "Justin Martin",
                    "email": "frozenfire@thefrozenfire.com",
                    "homepage": "https://github.com/TheFrozenFire",
                    "role": "Developer"
                }
            ],
            "description": "CallFire integration for SilverStripe",
            "keywords": [
                "callfire",
                "silverstripe"
            ],
            "time": "2013-08-30 20:31:50"
        },
        {
            "name": "silverstripe/blog",
            "version": "dev-master",
            "source": {
                "type": "git",
                "url": "https://github.com/silverstripe/silverstripe-blog.git",
                "reference": "0599efa46b0c73d425ccaaccea64861de36e2506"
            },
            "dist": {
                "type": "zip",
                "url": "https://api.github.com/repos/silverstripe/silverstripe-blog/zipball/0599efa46b0c73d425ccaaccea64861de36e2506",
                "reference": "0599efa46b0c73d425ccaaccea64861de36e2506",
                "shasum": ""
            },
            "require": {
                "silverstripe/cms": "~3.1"
            },
            "suggest": {
                "silverstripe/comments": "Enable user comments on any page type, including blog posts",
                "silverstripe/widgets": "Additional 'sidebar features', e.g. a list of recent posts and a tagcloud",
                "simplepie/simplepie": "Parse RSS feeds, required for the RSS widget"
            },
            "type": "silverstripe-module",
            "notification-url": "https://packagist.org/downloads/",
            "authors": [
                {
                    "name": "Saophalkun Ponlu",
                    "email": "phalkunz@silverstripe.com"
                },
                {
                    "name": "Carlos Barberis",
                    "email": "carlos@silverstripe.com"
                }
            ],
            "description": "The blog module allows you to post blogs on your SilverStripe. It includes the ability to post blogs using a site front-end form. Blogs are summarised on the blog holder page type, with more detail viewable when a specific blog is clicked.",
            "keywords": [
                "blog",
                "silverstripe"
            ],
            "time": "2013-08-22 15:04:29"
        },
        {
            "name": "silverstripe/cms",
            "version": "3.1.x-dev",
            "source": {
                "type": "git",
                "url": "https://github.com/silverstripe/silverstripe-cms.git",
                "reference": "4e031076be5b58917ac74c7f17295dc32bb5de09"
            },
            "dist": {
                "type": "zip",
                "url": "https://api.github.com/repos/silverstripe/silverstripe-cms/zipball/4e031076be5b58917ac74c7f17295dc32bb5de09",
                "reference": "4e031076be5b58917ac74c7f17295dc32bb5de09",
                "shasum": ""
            },
            "require": {
                "composer/installers": "*",
                "php": ">=5.3.2",
                "silverstripe/framework": "3.1.*"
            },
            "type": "silverstripe-module",
            "autoload": {
                "classmap": [
                    "tests/behat/"
                ]
            },
            "notification-url": "https://packagist.org/downloads/",
            "license": [
                "BSD-3-Clause"
            ],
            "authors": [
                {
                    "name": "SilverStripe",
                    "homepage": "http://silverstripe.com"
                },
                {
                    "name": "The SilverStripe Community",
                    "homepage": "http://silverstripe.org"
                }
            ],
            "description": "The SilverStripe Content Management System",
            "homepage": "http://silverstripe.org",
            "keywords": [
                "cms",
                "silverstripe"
            ],
            "time": "2013-08-29 15:08:42"
        },
        {
            "name": "silverstripe/framework",
            "version": "3.1.x-dev",
            "source": {
                "type": "git",
                "url": "https://github.com/silverstripe/silverstripe-framework.git",
                "reference": "5f0329c6f20a6c5330ac8f517ebe79a222a3b852"
            },
            "dist": {
                "type": "zip",
                "url": "https://api.github.com/repos/silverstripe/silverstripe-framework/zipball/5f0329c6f20a6c5330ac8f517ebe79a222a3b852",
                "reference": "5f0329c6f20a6c5330ac8f517ebe79a222a3b852",
                "shasum": ""
            },
            "require": {
                "composer/installers": "*",
                "php": ">=5.3.2"
            },
            "type": "silverstripe-module",
            "autoload": {
                "classmap": [
                    "tests/behat/features/bootstrap"
                ]
            },
            "notification-url": "https://packagist.org/downloads/",
            "license": [
                "BSD-3-Clause"
            ],
            "authors": [
                {
                    "name": "SilverStripe",
                    "homepage": "http://silverstripe.com"
                },
                {
                    "name": "The SilverStripe Community",
                    "homepage": "http://silverstripe.org"
                }
            ],
            "description": "The SilverStripe framework",
            "homepage": "http://silverstripe.org",
            "keywords": [
                "framework",
                "silverstripe"
            ],
            "time": "2013-08-30 08:12:50"
        },
        {
            "name": "undefinedoffset/sortablegridfield",
            "version": "dev-master",
            "source": {
                "type": "git",
                "url": "https://github.com/UndefinedOffset/SortableGridField.git",
                "reference": "53eef90c978782092e40b6381aefc2bbbb1bf461"
            },
            "dist": {
                "type": "zip",
                "url": "https://api.github.com/repos/UndefinedOffset/SortableGridField/zipball/53eef90c978782092e40b6381aefc2bbbb1bf461",
                "reference": "53eef90c978782092e40b6381aefc2bbbb1bf461",
                "shasum": ""
            },
            "require": {
                "composer/installers": "*",
                "silverstripe/framework": "3.*"
            },
            "type": "silverstripe-module",
            "extra": {
                "installer-name": "sortablegridfield"
            },
            "notification-url": "https://packagist.org/downloads/",
            "authors": [
                {
                    "name": "Ed Chipman",
                    "homepage": "http://www.edchipman.ca",
                    "role": "Developer"
                }
            ],
            "description": "Adds drag and drop functionality to SilverStripe 3.0's GridField",
            "keywords": [
                "gridfield",
                "silverstripe"
            ],
            "time": "2013-08-24 00:19:35"
        },
        {
            "name": "zendframework/zend-stdlib",
            "version": "dev-develop",
            "target-dir": "Zend/Stdlib",
            "source": {
                "type": "git",
                "url": "https://github.com/zendframework/Component_ZendStdlib.git",
                "reference": "295d125207f6ab60739f6ff996c97e6bb3eee7c7"
            },
            "dist": {
                "type": "zip",
                "url": "https://api.github.com/repos/zendframework/Component_ZendStdlib/zipball/295d125207f6ab60739f6ff996c97e6bb3eee7c7",
                "reference": "295d125207f6ab60739f6ff996c97e6bb3eee7c7",
                "shasum": ""
            },
            "require": {
                "php": ">=5.3.3"
            },
            "suggest": {
                "pecl-weakref": "Implementation of weak references for Stdlib\\CallbackHandler"
            },
            "type": "library",
            "extra": {
                "branch-alias": {
                    "dev-master": "2.1-dev",
                    "dev-develop": "2.2-dev"
                }
            },
            "autoload": {
                "psr-0": {
                    "Zend\\Stdlib\\": ""
                }
            },
            "notification-url": "https://packagist.org/downloads/",
            "license": [
                "BSD-3-Clause"
            ],
            "keywords": [
                "stdlib",
                "zf2"
            ],
            "time": "2013-08-21 17:16:25"
        }
    ],
    "packages-dev": [
        {
            "name": "thefrozenfire/dataobjectcruft",
            "version": "dev-master",
            "source": {
                "type": "git",
                "url": "https://github.com/TheFrozenFire/silverstripe-dataobjectcruft.git",
                "reference": "77540c940b219bc4dc034bc70cb885168d14521b"
            },
            "dist": {
                "type": "zip",
                "url": "https://api.github.com/repos/TheFrozenFire/silverstripe-dataobjectcruft/zipball/77540c940b219bc4dc034bc70cb885168d14521b",
                "reference": "77540c940b219bc4dc034bc70cb885168d14521b",
                "shasum": ""
            },
            "require": {
                "silverstripe/framework": "3.*"
            },
            "type": "silverstripe-module",
            "notification-url": "https://packagist.org/downloads/",
            "license": [
                "BSD-3-Clause"
            ],
            "authors": [
                {
                    "name": "Justin Martin",
                    "email": "frozenfire@thefrozenfire.com",
                    "homepage": "https://github.com/TheFrozenFire",
                    "role": "Developer"
                }
            ],
            "description": "A tool for finding and removing tables, fields and indexes which are no longer needed in a SilverStripe database",
            "keywords": [
                "dev",
                "silverstripe"
            ],
            "time": "2013-04-21 04:45:32"
        }
    ],
    "aliases": [
        {
            "alias": "1.1.1",
            "alias_normalized": "1.1.1.0",
            "version": "dev-feature-ivr-generator",
            "package": "callfire/php-sdk"
        }
    ],
    "minimum-stability": "dev",
    "stability-flags": {
        "silverstripe/cms": 20,
        "silverstripe/framework": 20,
        "silverstripe/blog": 20,
        "undefinedoffset/sortablegridfield": 20,
        "roave/silverstripe-callfire": 20,
        "callfire/php-sdk": 20,
        "thefrozenfire/dataobjectcruft": 20
    },
    "platform": {
        "php": ">=5.3.2"
    },
    "platform-dev": [

    ]
}
